lockVersion: 2.0.0
id: ab657d60-207e-43a4-8cc8-692a672950ed
management:
  docChecksum: 813f333f4e42f1a1289e88193e983d52
  docVersion: 0.0.1
  speakeasyVersion: 1.286.3
  generationVersion: 2.329.0
  releaseVersion: 0.0.3
  configChecksum: db082d7e17d934bf9628d061fcb63c62
  repoURL: https://github.com/dubinc/dub-python.git
  installationURL: https://github.com/dubinc/dub-python.git
  published: true
features:
  python:
    additionalDependencies: 0.1.0
    constsAndDefaults: 0.1.3
    core: 4.6.7
    deprecations: 2.81.1
    examples: 2.81.3
    flattening: 2.81.1
    globalSecurity: 2.83.5
    globalSecurityCallbacks: 0.1.0
    globalSecurityFlattening: 0.1.0
    globalServerURLs: 2.82.2
    globals: 2.82.1
    hiddenGlobals: 0.1.0
    nameOverrides: 2.81.2
    nullables: 0.1.0
    responseFormat: 0.1.0
    sdkHooks: 0.1.0
    unions: 2.82.6
generatedFiles:
  - src/dub/sdkconfiguration.py
  - src/dub/links.py
  - src/dub/qr_codes.py
  - src/dub/analytics.py
  - src/dub/workspaces.py
  - src/dub/tags.py
  - src/dub/domains.py
  - src/dub/metatags.py
  - src/dub/sdk.py
  - py.typed
  - pylintrc
  - setup.py
  - src/dub/__init__.py
  - src/dub/utils/__init__.py
  - src/dub/utils/retries.py
  - src/dub/utils/utils.py
  - src/dub/models/errors/sdkerror.py
  - src/dub/models/operations/getlinks.py
  - src/dub/models/operations/createlink.py
  - src/dub/models/operations/getlinkscount.py
  - src/dub/models/operations/getlinkinfo.py
  - src/dub/models/operations/deletelink.py
  - src/dub/models/operations/updatelink.py
  - src/dub/models/operations/bulkcreatelinks.py
  - src/dub/models/operations/upsertlink.py
  - src/dub/models/operations/getqrcode.py
  - src/dub/models/operations/getclicksanalytics.py
  - src/dub/models/operations/gettimeseriesanalytics.py
  - src/dub/models/operations/getcountryanalytics.py
  - src/dub/models/operations/getcityanalytics.py
  - src/dub/models/operations/getdeviceanalytics.py
  - src/dub/models/operations/getbrowseranalytics.py
  - src/dub/models/operations/getosanalytics.py
  - src/dub/models/operations/getrefereranalytics.py
  - src/dub/models/operations/gettoplinks.py
  - src/dub/models/operations/gettopurls.py
  - src/dub/models/operations/getworkspaces.py
  - src/dub/models/operations/createworkspace.py
  - src/dub/models/operations/getworkspace.py
  - src/dub/models/operations/gettags.py
  - src/dub/models/operations/createtag.py
  - src/dub/models/operations/listdomains.py
  - src/dub/models/operations/adddomain.py
  - src/dub/models/operations/deletedomain.py
  - src/dub/models/operations/updatedomain.py
  - src/dub/models/operations/setprimarydomain.py
  - src/dub/models/operations/transferdomain.py
  - src/dub/models/operations/getmetatags.py
  - src/dub/models/components/linkschema.py
  - src/dub/models/components/tagschema.py
  - src/dub/models/components/httpmetadata.py
  - src/dub/models/components/workspaceschema.py
  - src/dub/models/components/domainschema.py
  - src/dub/models/components/security.py
  - src/dub/models/errors/badrequest.py
  - src/dub/models/errors/unauthorized.py
  - src/dub/models/errors/forbidden.py
  - src/dub/models/errors/notfound.py
  - src/dub/models/errors/conflict.py
  - src/dub/models/errors/inviteexpired.py
  - src/dub/models/errors/unprocessableentity.py
  - src/dub/models/errors/ratelimitexceeded.py
  - src/dub/models/errors/internalservererror.py
  - src/dub/models/internal/globals.py
  - src/dub/models/__init__.py
  - src/dub/models/errors/__init__.py
  - src/dub/models/operations/__init__.py
  - src/dub/models/components/__init__.py
  - src/dub/models/internal/__init__.py
  - docs/models/operations/getlinksglobals.md
  - docs/models/operations/queryparamtagids.md
  - docs/models/operations/queryparamtagnames.md
  - docs/models/operations/sort.md
  - docs/models/operations/getlinksrequest.md
  - docs/models/operations/getlinksresponse.md
  - docs/models/operations/createlinkglobals.md
  - docs/models/operations/tagids.md
  - docs/models/operations/tagnames.md
  - docs/models/operations/geo.md
  - docs/models/operations/createlinkrequestbody.md
  - docs/models/operations/createlinkresponse.md
  - docs/models/operations/getlinkscountglobals.md
  - docs/models/operations/getlinkscountqueryparamtagids.md
  - docs/models/operations/getlinkscountqueryparamtagnames.md
  - docs/models/operations/two.md
  - docs/models/operations/one.md
  - docs/models/operations/groupby.md
  - docs/models/operations/getlinkscountrequest.md
  - docs/models/operations/getlinkscountresponse.md
  - docs/models/operations/getlinkinfoglobals.md
  - docs/models/operations/getlinkinforequest.md
  - docs/models/operations/getlinkinforesponse.md
  - docs/models/operations/deletelinkglobals.md
  - docs/models/operations/deletelinkrequest.md
  - docs/models/operations/deletelinkresponsebody.md
  - docs/models/operations/deletelinkresponse.md
  - docs/models/operations/updatelinkglobals.md
  - docs/models/operations/updatelinktagids.md
  - docs/models/operations/updatelinktagnames.md
  - docs/models/operations/updatelinkgeo.md
  - docs/models/operations/updatelinkrequestbody.md
  - docs/models/operations/updatelinkrequest.md
  - docs/models/operations/updatelinkresponse.md
  - docs/models/operations/bulkcreatelinksglobals.md
  - docs/models/operations/bulkcreatelinkstagids.md
  - docs/models/operations/bulkcreatelinkstagnames.md
  - docs/models/operations/bulkcreatelinksgeo.md
  - docs/models/operations/requestbody.md
  - docs/models/operations/bulkcreatelinksresponse.md
  - docs/models/operations/upsertlinkglobals.md
  - docs/models/operations/upsertlinktagids.md
  - docs/models/operations/upsertlinktagnames.md
  - docs/models/operations/upsertlinkgeo.md
  - docs/models/operations/upsertlinkrequestbody.md
  - docs/models/operations/upsertlinkresponse.md
  - docs/models/operations/level.md
  - docs/models/operations/getqrcoderequest.md
  - docs/models/operations/getqrcoderesponse.md
  - docs/models/operations/getclicksanalyticsglobals.md
  - docs/models/operations/interval.md
  - docs/models/operations/country.md
  - docs/models/operations/getclicksanalyticsrequest.md
  - docs/models/operations/getclicksanalyticsresponse.md
  - docs/models/operations/gettimeseriesanalyticsglobals.md
  - docs/models/operations/queryparaminterval.md
  - docs/models/operations/queryparamcountry.md
  - docs/models/operations/gettimeseriesanalyticsrequest.md
  - docs/models/operations/responsebody.md
  - docs/models/operations/gettimeseriesanalyticsresponse.md
  - docs/models/operations/getcountryanalyticsglobals.md
  - docs/models/operations/getcountryanalyticsqueryparaminterval.md
  - docs/models/operations/getcountryanalyticsqueryparamcountry.md
  - docs/models/operations/getcountryanalyticsrequest.md
  - docs/models/operations/getcountryanalyticscountry.md
  - docs/models/operations/getcountryanalyticsresponsebody.md
  - docs/models/operations/getcountryanalyticsresponse.md
  - docs/models/operations/getcityanalyticsglobals.md
  - docs/models/operations/getcityanalyticsqueryparaminterval.md
  - docs/models/operations/getcityanalyticsqueryparamcountry.md
  - docs/models/operations/getcityanalyticsrequest.md
  - docs/models/operations/getcityanalyticscountry.md
  - docs/models/operations/getcityanalyticsresponsebody.md
  - docs/models/operations/getcityanalyticsresponse.md
  - docs/models/operations/getdeviceanalyticsglobals.md
  - docs/models/operations/getdeviceanalyticsqueryparaminterval.md
  - docs/models/operations/getdeviceanalyticsqueryparamcountry.md
  - docs/models/operations/getdeviceanalyticsrequest.md
  - docs/models/operations/getdeviceanalyticsresponsebody.md
  - docs/models/operations/getdeviceanalyticsresponse.md
  - docs/models/operations/getbrowseranalyticsglobals.md
  - docs/models/operations/getbrowseranalyticsqueryparaminterval.md
  - docs/models/operations/getbrowseranalyticsqueryparamcountry.md
  - docs/models/operations/getbrowseranalyticsrequest.md
  - docs/models/operations/getbrowseranalyticsresponsebody.md
  - docs/models/operations/getbrowseranalyticsresponse.md
  - docs/models/operations/getosanalyticsglobals.md
  - docs/models/operations/getosanalyticsqueryparaminterval.md
  - docs/models/operations/getosanalyticsqueryparamcountry.md
  - docs/models/operations/getosanalyticsrequest.md
  - docs/models/operations/getosanalyticsresponsebody.md
  - docs/models/operations/getosanalyticsresponse.md
  - docs/models/operations/getrefereranalyticsglobals.md
  - docs/models/operations/getrefereranalyticsqueryparaminterval.md
  - docs/models/operations/getrefereranalyticsqueryparamcountry.md
  - docs/models/operations/getrefereranalyticsrequest.md
  - docs/models/operations/getrefereranalyticsresponsebody.md
  - docs/models/operations/getrefereranalyticsresponse.md
  - docs/models/operations/gettoplinksglobals.md
  - docs/models/operations/gettoplinksqueryparaminterval.md
  - docs/models/operations/gettoplinksqueryparamcountry.md
  - docs/models/operations/gettoplinksrequest.md
  - docs/models/operations/gettoplinksresponsebody.md
  - docs/models/operations/gettoplinksresponse.md
  - docs/models/operations/gettopurlsglobals.md
  - docs/models/operations/gettopurlsqueryparaminterval.md
  - docs/models/operations/gettopurlsqueryparamcountry.md
  - docs/models/operations/gettopurlsrequest.md
  - docs/models/operations/gettopurlsresponsebody.md
  - docs/models/operations/gettopurlsresponse.md
  - docs/models/operations/getworkspacesresponse.md
  - docs/models/operations/createworkspacerequestbody.md
  - docs/models/operations/createworkspaceresponse.md
  - docs/models/operations/getworkspacerequest.md
  - docs/models/operations/getworkspaceresponse.md
  - docs/models/operations/gettagsglobals.md
  - docs/models/operations/gettagsrequest.md
  - docs/models/operations/gettagsresponse.md
  - docs/models/operations/createtagglobals.md
  - docs/models/operations/color.md
  - docs/models/operations/createtagrequestbody.md
  - docs/models/operations/createtagresponse.md
  - docs/models/operations/listdomainsglobals.md
  - docs/models/operations/listdomainsrequest.md
  - docs/models/operations/listdomainsresponse.md
  - docs/models/operations/adddomainglobals.md
  - docs/models/operations/type.md
  - docs/models/operations/adddomainrequestbody.md
  - docs/models/operations/adddomainresponse.md
  - docs/models/operations/deletedomainglobals.md
  - docs/models/operations/deletedomainrequest.md
  - docs/models/operations/deletedomainresponsebody.md
  - docs/models/operations/deletedomainresponse.md
  - docs/models/operations/updatedomainglobals.md
  - docs/models/operations/updatedomaintype.md
  - docs/models/operations/updatedomainrequestbody.md
  - docs/models/operations/updatedomainrequest.md
  - docs/models/operations/updatedomainresponse.md
  - docs/models/operations/setprimarydomainglobals.md
  - docs/models/operations/setprimarydomainrequest.md
  - docs/models/operations/setprimarydomainresponse.md
  - docs/models/operations/transferdomainglobals.md
  - docs/models/operations/transferdomainrequestbody.md
  - docs/models/operations/transferdomainrequest.md
  - docs/models/operations/transferdomainresponse.md
  - docs/models/operations/getmetatagsrequest.md
  - docs/models/operations/getmetatagsresponsebody.md
  - docs/models/operations/getmetatagsresponse.md
  - docs/models/components/geo.md
  - docs/models/components/linkschema.md
  - docs/models/components/color.md
  - docs/models/components/tagschema.md
  - docs/models/components/httpmetadata.md
  - docs/models/components/plan.md
  - docs/models/components/role.md
  - docs/models/components/users.md
  - docs/models/components/domains.md
  - docs/models/components/workspaceschema.md
  - docs/models/components/type.md
  - docs/models/components/domainschema.md
  - docs/models/components/security.md
  - docs/models/errors/code.md
  - docs/models/errors/error.md
  - docs/models/errors/badrequest.md
  - docs/models/errors/unauthorizedcode.md
  - docs/models/errors/unauthorizederror.md
  - docs/models/errors/unauthorized.md
  - docs/models/errors/forbiddencode.md
  - docs/models/errors/forbiddenerror.md
  - docs/models/errors/forbidden.md
  - docs/models/errors/notfoundcode.md
  - docs/models/errors/notfounderror.md
  - docs/models/errors/notfound.md
  - docs/models/errors/conflictcode.md
  - docs/models/errors/conflicterror.md
  - docs/models/errors/conflict.md
  - docs/models/errors/inviteexpiredcode.md
  - docs/models/errors/inviteexpirederror.md
  - docs/models/errors/inviteexpired.md
  - docs/models/errors/unprocessableentitycode.md
  - docs/models/errors/unprocessableentityerror.md
  - docs/models/errors/unprocessableentity.md
  - docs/models/errors/ratelimitexceededcode.md
  - docs/models/errors/ratelimitexceedederror.md
  - docs/models/errors/ratelimitexceeded.md
  - docs/models/errors/internalservererrorcode.md
  - docs/models/errors/internalservererrorerror.md
  - docs/models/errors/internalservererror.md
  - docs/models/internal/globals.md
  - docs/sdks/dub/README.md
  - docs/sdks/links/README.md
  - docs/sdks/qrcodes/README.md
  - docs/sdks/analytics/README.md
  - docs/sdks/workspaces/README.md
  - docs/sdks/tags/README.md
  - docs/sdks/domains/README.md
  - docs/sdks/metatags/README.md
  - USAGE.md
  - .gitattributes
  - src/dub/_hooks/sdkhooks.py
  - src/dub/_hooks/types.py
  - src/dub/_hooks/__init__.py
