speakeasyVersion: 1.637.0
sources:
    dub:
        sourceNamespace: dub
        sourceRevisionDigest: sha256:842c22d4f6e695c6751f5dfb2c144b216f63fa6cebf79bd88bd2d2e3f9c1ea5d
        sourceBlobDigest: sha256:6d355489fbd1c90749671600af0c8d467842a9d59ac071f918391184d350abff
        tags:
            - latest
            - speakeasy-sdk-regen-1759796915
            - 0.0.1
targets:
    my-first-target:
        source: dub
        sourceNamespace: dub
        sourceRevisionDigest: sha256:842c22d4f6e695c6751f5dfb2c144b216f63fa6cebf79bd88bd2d2e3f9c1ea5d
        sourceBlobDigest: sha256:6d355489fbd1c90749671600af0c8d467842a9d59ac071f918391184d350abff
        codeSamplesNamespace: code-samples-python-my-first-target
        codeSamplesRevisionDigest: sha256:ffabec7ddffbfa09b60e8b90af6e1ea3cac165bb034656a1c68bbc30505bb9a8
workflow:
    workflowVersion: 1.0.0
    speakeasyVersion: latest
    sources:
        dub:
            inputs:
                - location: https://api.dub.co/
            registry:
                location: registry.speakeasyapi.dev/dub/dub/dub
    targets:
        my-first-target:
            target: python
            source: dub
            publish:
                pypi:
                    token: $pypi_token
            codeSamples:
                output: codeSamples.yaml
                registry:
                    location: registry.speakeasyapi.dev/dub/dub/code-samples-python-my-first-target
