speakeasyVersion: 1.497.0
sources:
    dub:
        sourceNamespace: dub
        sourceRevisionDigest: sha256:f94e8ff39d53cbd80e1e9e46facf8c88b3f2a5111c691520d4555ebaffd51711
        sourceBlobDigest: sha256:3c6ed37567189334fc44a7c0a4de25f44d5bbff13fddc6a5e7c8878ee1edd642
        tags:
            - latest
            - speakeasy-sdk-regen-1739924784
            - 0.0.1
targets:
    my-first-target:
        source: dub
        sourceNamespace: dub
        sourceRevisionDigest: sha256:f94e8ff39d53cbd80e1e9e46facf8c88b3f2a5111c691520d4555ebaffd51711
        sourceBlobDigest: sha256:3c6ed37567189334fc44a7c0a4de25f44d5bbff13fddc6a5e7c8878ee1edd642
        codeSamplesNamespace: code-samples-python-my-first-target
        codeSamplesRevisionDigest: sha256:14b9e87dd9099db94daf259258dbfc37d312bc9b54605df90530bc4a0f6ce3c1
workflow:
    workflowVersion: 1.0.0
    speakeasyVersion: latest
    sources:
        dub:
            inputs:
                - location: https://api.dub.co/
            registry:
                location: registry.speakeasyapi.dev/dub/dub/dub
    targets:
        my-first-target:
            target: python
            source: dub
            publish:
                pypi:
                    token: $pypi_token
            codeSamples:
                output: codeSamples.yaml
                registry:
                    location: registry.speakeasyapi.dev/dub/dub/code-samples-python-my-first-target
