speakeasyVersion: 1.685.0
sources:
    dub:
        sourceNamespace: dub
        sourceRevisionDigest: sha256:ffa38913fd1ddb434ea4fdce5a9e4f7ac7e0eaecc392cfcfd91ac0b1afe8a92e
        sourceBlobDigest: sha256:12df286a54a2610dde44a634f34e6e8d05e77d70b5c92a97875dffe2f7200504
        tags:
            - latest
            - speakeasy-sdk-regen-1768350905
            - 0.0.1
targets:
    my-first-target:
        source: dub
        sourceNamespace: dub
        sourceRevisionDigest: sha256:ffa38913fd1ddb434ea4fdce5a9e4f7ac7e0eaecc392cfcfd91ac0b1afe8a92e
        sourceBlobDigest: sha256:12df286a54a2610dde44a634f34e6e8d05e77d70b5c92a97875dffe2f7200504
        codeSamplesNamespace: code-samples-python-my-first-target
        codeSamplesRevisionDigest: sha256:372b8c53eb3837830888c25811fa3a070ee33ea4159b12d2b76af3d543b04953
workflow:
    workflowVersion: 1.0.0
    speakeasyVersion: latest
    sources:
        dub:
            inputs:
                - location: https://api.dub.co/
            registry:
                location: registry.speakeasyapi.dev/dub/dub/dub
    targets:
        my-first-target:
            target: python
            source: dub
            publish:
                pypi:
                    token: $pypi_token
            codeSamples:
                output: codeSamples.yaml
                registry:
                    location: registry.speakeasyapi.dev/dub/dub/code-samples-python-my-first-target
